
Microsoft Visual Studio Solution File, Format Version 11.00
# Visual Studio 2010
# SharpDevelop 4.4
Project("{F184B08F-C81C-45F6-A57F-5ABD9991F28F}") = "KeyInsert", "KeyInsert.vbproj", "{8DFE4FDE-2F56-48D8-A9CB-0B1ED35933A3}"
EndProject
Global
	GlobalSection(SolutionConfigurationPlatforms) = preSolution
		Debug|Any CPU = Debug|Any CPU
		Release|Any CPU = Release|Any CPU
	EndGlobalSection
	GlobalSection(ProjectConfigurationPlatforms) = postSolution
		{8DFE4FDE-2F56-48D8-A9CB-0B1ED35933A3}.Debug|Any CPU.Build.0 = Debug|Any CPU
		{8DFE4FDE-2F56-48D8-A9CB-0B1ED35933A3}.Debug|Any CPU.ActiveCfg = Debug|Any CPU
		{8DFE4FDE-2F56-48D8-A9CB-0B1ED35933A3}.Release|Any CPU.Build.0 = Release|Any CPU
		{8DFE4FDE-2F56-48D8-A9CB-0B1ED35933A3}.Release|Any CPU.ActiveCfg = Release|Any CPU
	EndGlobalSection
EndGlobal
